{
  "name": "enby.be",
  "version": "1.0.0",
  "lockfileVersion": 3,
  "requires": true,
  "packages": {
    "": {
      "name": "enby.be",
      "version": "1.0.0",
      "license": "ISC",
      "dependencies": {
        "fs": "^0.0.1-security",
        "marked": "^15.0.4"
      }
    },
    "node_modules/fs": {
      "version": "0.0.1-security",
      "resolved": "https://registry.npmjs.org/fs/-/fs-0.0.1-security.tgz",
      "integrity": "sha512-3XY9e1pP0CVEUCdj5BmfIZxRBTSDycnbqhIOGec9QYtmVH2fbLpj86CFWkrNOkt/Fvty4KZG5lTglL9j/gJ87w==",
      "license": "ISC"
    },
    "node_modules/marked": {
      "version": "15.0.4",
      "resolved": "https://registry.npmjs.org/marked/-/marked-15.0.4.tgz",
      "integrity": "sha512-TCHvDqmb3ZJ4PWG7VEGVgtefA5/euFmsIhxtD0XsBxI39gUSKL81mIRFdt0AiNQozUahd4ke98ZdirExd/vSEw==",
      "license": "MIT",
      "bin": {
        "marked": "bin/marked.js"
      },
      "engines": {
        "node": ">= 18"
      }
    }
  }
}
